// !$*UTF8*$!
{
	archiveVersion = 1;
	classes = {
	};
	objectVersion = 46;
	objects = {

/* Begin PBXBuildFile section */
		523F29991D851A6D007DF4A5 /* Languager.swift in Sources */ = {isa = PBXBuildFile; fileRef = 523F29921D851A6D007DF4A5 /* Languager.swift */; };
		523F299A1D851A6D007DF4A5 /* NSBundle+Lanauage.swift in Sources */ = {isa = PBXBuildFile; fileRef = 523F29931D851A6D007DF4A5 /* NSBundle+Lanauage.swift */; };
		523F299C1D851A6D007DF4A5 /* AutoGenStrings.py in Resources */ = {isa = PBXBuildFile; fileRef = 523F29961D851A6D007DF4A5 /* AutoGenStrings.py */; };
		523F299D1D851A6D007DF4A5 /* UIImageView+Languager.swift in Sources */ = {isa = PBXBuildFile; fileRef = 523F29971D851A6D007DF4A5 /* UIImageView+Languager.swift */; };
		523F299E1D851A6D007DF4A5 /* UITextView+Languageer.swift in Sources */ = {isa = PBXBuildFile; fileRef = 523F29981D851A6D007DF4A5 /* UITextView+Languageer.swift */; };
		523F29A21D853DD8007DF4A5 /* avater1@3x.png in Resources */ = {isa = PBXBuildFile; fileRef = 523F29A41D853DD8007DF4A5 /* avater1@3x.png */; };
		526A99D61B155E050031482A /* AppDelegate.swift in Sources */ = {isa = PBXBuildFile; fileRef = 526A99D51B155E050031482A /* AppDelegate.swift */; };
		526A99DB1B155E050031482A /* Main.storyboard in Resources */ = {isa = PBXBuildFile; fileRef = 526A99D91B155E050031482A /* Main.storyboard */; };
		526A99DD1B155E050031482A /* Images.xcassets in Resources */ = {isa = PBXBuildFile; fileRef = 526A99DC1B155E050031482A /* Images.xcassets */; };
		526A99E01B155E050031482A /* LaunchScreen.xib in Resources */ = {isa = PBXBuildFile; fileRef = 526A99DE1B155E050031482A /* LaunchScreen.xib */; };
		526A99EC1B155E050031482A /* LocalDemoTests.swift in Sources */ = {isa = PBXBuildFile; fileRef = 526A99EB1B155E050031482A /* LocalDemoTests.swift */; };
		526A9A031B15A7FC0031482A /* Localizable.strings in Resources */ = {isa = PBXBuildFile; fileRef = 526A9A051B15A7FC0031482A /* Localizable.strings */; };
		5281A99D1B1FECAC001EF49E /* MeViewController.swift in Sources */ = {isa = PBXBuildFile; fileRef = 5281A99C1B1FECAC001EF49E /* MeViewController.swift */; };
		5281A99F1B1FECB8001EF49E /* HomeViewController.swift in Sources */ = {isa = PBXBuildFile; fileRef = 5281A99E1B1FECB8001EF49E /* HomeViewController.swift */; };
		5281A9A31B1FF370001EF49E /* SearchViewController.swift in Sources */ = {isa = PBXBuildFile; fileRef = 5281A9A21B1FF370001EF49E /* SearchViewController.swift */; };
		52D0BE401B1F006F006D3C2A /* avater@2x.png in Resources */ = {isa = PBXBuildFile; fileRef = 52D0BE421B1F006F006D3C2A /* avater@2x.png */; };
/* End PBXBuildFile section */

/* Begin PBXContainerItemProxy section */
		526A99E61B155E050031482A /* PBXContainerItemProxy */ = {
			isa = PBXContainerItemProxy;
			containerPortal = 526A99C81B155E050031482A /* Project object */;
			proxyType = 1;
			remoteGlobalIDString = 526A99CF1B155E050031482A;
			remoteInfo = LocalDemo;
		};
/* End PBXContainerItemProxy section */

/* Begin PBXFileReference section */
		523F29921D851A6D007DF4A5 /* Languager.swift */ = {isa = PBXFileReference; fileEncoding = 4; lastKnownFileType = sourcecode.swift; path = Languager.swift; sourceTree = "<group>"; };
		523F29931D851A6D007DF4A5 /* NSBundle+Lanauage.swift */ = {isa = PBXFileReference; fileEncoding = 4; lastKnownFileType = sourcecode.swift; path = "NSBundle+Lanauage.swift"; sourceTree = "<group>"; };
		523F29961D851A6D007DF4A5 /* AutoGenStrings.py */ = {isa = PBXFileReference; fileEncoding = 4; lastKnownFileType = text.script.python; path = AutoGenStrings.py; sourceTree = "<group>"; };
		523F29971D851A6D007DF4A5 /* UIImageView+Languager.swift */ = {isa = PBXFileReference; fileEncoding = 4; lastKnownFileType = sourcecode.swift; path = "UIImageView+Languager.swift"; sourceTree = "<group>"; };
		523F29981D851A6D007DF4A5 /* UITextView+Languageer.swift */ = {isa = PBXFileReference; fileEncoding = 4; lastKnownFileType = sourcecode.swift; path = "UITextView+Languageer.swift"; sourceTree = "<group>"; };
		523F29A31D853DD8007DF4A5 /* zh-Hans */ = {isa = PBXFileReference; lastKnownFileType = image.png; name = "zh-Hans"; path = "zh-Hans.lproj/avater1@3x.png"; sourceTree = "<group>"; };
		523F29A51D853DDC007DF4A5 /* en */ = {isa = PBXFileReference; lastKnownFileType = image.png; name = en; path = "en.lproj/avater1@3x.png"; sourceTree = "<group>"; };
		526A99D01B155E050031482A /* LocalDemo.app */ = {isa = PBXFileReference; explicitFileType = wrapper.application; includeInIndex = 0; path = LocalDemo.app; sourceTree = BUILT_PRODUCTS_DIR; };
		526A99D41B155E050031482A /* Info.plist */ = {isa = PBXFileReference; lastKnownFileType = text.plist.xml; path = Info.plist; sourceTree = "<group>"; };
		526A99D51B155E050031482A /* AppDelegate.swift */ = {isa = PBXFileReference; lastKnownFileType = sourcecode.swift; path = AppDelegate.swift; sourceTree = "<group>"; };
		526A99DA1B155E050031482A /* Base */ = {isa = PBXFileReference; lastKnownFileType = file.storyboard; name = Base; path = Base.lproj/Main.storyboard; sourceTree = "<group>"; };
		526A99DC1B155E050031482A /* Images.xcassets */ = {isa = PBXFileReference; lastKnownFileType = folder.assetcatalog; path = Images.xcassets; sourceTree = "<group>"; };
		526A99DF1B155E050031482A /* Base */ = {isa = PBXFileReference; lastKnownFileType = file.xib; name = Base; path = Base.lproj/LaunchScreen.xib; sourceTree = "<group>"; };
		526A99E51B155E050031482A /* LocalDemoTests.xctest */ = {isa = PBXFileReference; explicitFileType = wrapper.cfbundle; includeInIndex = 0; path = LocalDemoTests.xctest; sourceTree = BUILT_PRODUCTS_DIR; };
		526A99EA1B155E050031482A /* Info.plist */ = {isa = PBXFileReference; lastKnownFileType = text.plist.xml; path = Info.plist; sourceTree = "<group>"; };
		526A99EB1B155E050031482A /* LocalDemoTests.swift */ = {isa = PBXFileReference; lastKnownFileType = sourcecode.swift; path = LocalDemoTests.swift; sourceTree = "<group>"; };
		526A9A081B15A8600031482A /* en */ = {isa = PBXFileReference; lastKnownFileType = text.plist.strings; name = en; path = en.lproj/Localizable.strings; sourceTree = "<group>"; };
		526A9A091B15A8630031482A /* zh-Hans */ = {isa = PBXFileReference; lastKnownFileType = text.plist.strings; name = "zh-Hans"; path = "zh-Hans.lproj/Localizable.strings"; sourceTree = "<group>"; };
		5275023F1B213E88009242B0 /* en */ = {isa = PBXFileReference; lastKnownFileType = text.plist.strings; name = en; path = en.lproj/LaunchScreen.strings; sourceTree = "<group>"; };
		527502411B213E88009242B0 /* zh-Hans */ = {isa = PBXFileReference; lastKnownFileType = text.plist.strings; name = "zh-Hans"; path = "zh-Hans.lproj/LaunchScreen.strings"; sourceTree = "<group>"; };
		5281A99C1B1FECAC001EF49E /* MeViewController.swift */ = {isa = PBXFileReference; fileEncoding = 4; lastKnownFileType = sourcecode.swift; path = MeViewController.swift; sourceTree = "<group>"; };
		5281A99E1B1FECB8001EF49E /* HomeViewController.swift */ = {isa = PBXFileReference; fileEncoding = 4; lastKnownFileType = sourcecode.swift; path = HomeViewController.swift; sourceTree = "<group>"; };
		5281A9A21B1FF370001EF49E /* SearchViewController.swift */ = {isa = PBXFileReference; fileEncoding = 4; lastKnownFileType = sourcecode.swift; path = SearchViewController.swift; sourceTree = "<group>"; };
		5281A9A91B1FFEFA001EF49E /* en */ = {isa = PBXFileReference; lastKnownFileType = text.plist.strings; name = en; path = en.lproj/Main.strings; sourceTree = "<group>"; };
		5281A9AB1B1FFF01001EF49E /* zh-Hans */ = {isa = PBXFileReference; lastKnownFileType = text.plist.strings; name = "zh-Hans"; path = "zh-Hans.lproj/Main.strings"; sourceTree = "<group>"; };
		52D0BE411B1F006F006D3C2A /* zh-Hans */ = {isa = PBXFileReference; lastKnownFileType = image.png; name = "zh-Hans"; path = "zh-Hans.lproj/avater@2x.png"; sourceTree = "<group>"; };
		52D0BE431B1F0073006D3C2A /* en */ = {isa = PBXFileReference; lastKnownFileType = image.png; name = en; path = "en.lproj/avater@2x.png"; sourceTree = "<group>"; };
/* End PBXFileReference section */

/* Begin PBXFrameworksBuildPhase section */
		526A99CD1B155E050031482A /* Frameworks */ = {
			isa = PBXFrameworksBuildPhase;
			buildActionMask = 2147483647;
			files = (
			);
			runOnlyForDeploymentPostprocessing = 0;
		};
		526A99E21B155E050031482A /* Frameworks */ = {
			isa = PBXFrameworksBuildPhase;
			buildActionMask = 2147483647;
			files = (
			);
			runOnlyForDeploymentPostprocessing = 0;
		};
/* End PBXFrameworksBuildPhase section */

/* Begin PBXGroup section */
		523F29911D851A6D007DF4A5 /* iOS-i18n */ = {
			isa = PBXGroup;
			children = (
				523F29951D851A6D007DF4A5 /* RunScript */,
				523F29921D851A6D007DF4A5 /* Languager.swift */,
				523F29931D851A6D007DF4A5 /* NSBundle+Lanauage.swift */,
				523F29971D851A6D007DF4A5 /* UIImageView+Languager.swift */,
				523F29981D851A6D007DF4A5 /* UITextView+Languageer.swift */,
			);
			path = "iOS-i18n";
			sourceTree = "<group>";
		};
		523F29951D851A6D007DF4A5 /* RunScript */ = {
			isa = PBXGroup;
			children = (
				523F29961D851A6D007DF4A5 /* AutoGenStrings.py */,
			);
			path = RunScript;
			sourceTree = "<group>";
		};
		526A99C71B155E050031482A = {
			isa = PBXGroup;
			children = (
				526A99D21B155E050031482A /* LocalDemo */,
				526A99E81B155E050031482A /* LocalDemoTests */,
				526A99D11B155E050031482A /* Products */,
			);
			sourceTree = "<group>";
		};
		526A99D11B155E050031482A /* Products */ = {
			isa = PBXGroup;
			children = (
				526A99D01B155E050031482A /* LocalDemo.app */,
				526A99E51B155E050031482A /* LocalDemoTests.xctest */,
			);
			name = Products;
			sourceTree = "<group>";
		};
		526A99D21B155E050031482A /* LocalDemo */ = {
			isa = PBXGroup;
			children = (
				523F29911D851A6D007DF4A5 /* iOS-i18n */,
				526A9A111B15B3A50031482A /* images */,
				526A99D51B155E050031482A /* AppDelegate.swift */,
				526A99D91B155E050031482A /* Main.storyboard */,
				526A99DC1B155E050031482A /* Images.xcassets */,
				526A99DE1B155E050031482A /* LaunchScreen.xib */,
				526A9A051B15A7FC0031482A /* Localizable.strings */,
				526A99D31B155E050031482A /* Supporting Files */,
				5281A99C1B1FECAC001EF49E /* MeViewController.swift */,
				5281A99E1B1FECB8001EF49E /* HomeViewController.swift */,
				5281A9A21B1FF370001EF49E /* SearchViewController.swift */,
			);
			path = LocalDemo;
			sourceTree = "<group>";
		};
		526A99D31B155E050031482A /* Supporting Files */ = {
			isa = PBXGroup;
			children = (
				526A99D41B155E050031482A /* Info.plist */,
			);
			name = "Supporting Files";
			sourceTree = "<group>";
		};
		526A99E81B155E050031482A /* LocalDemoTests */ = {
			isa = PBXGroup;
			children = (
				526A99EB1B155E050031482A /* LocalDemoTests.swift */,
				526A99E91B155E050031482A /* Supporting Files */,
			);
			path = LocalDemoTests;
			sourceTree = "<group>";
		};
		526A99E91B155E050031482A /* Supporting Files */ = {
			isa = PBXGroup;
			children = (
				526A99EA1B155E050031482A /* Info.plist */,
			);
			name = "Supporting Files";
			sourceTree = "<group>";
		};
		526A9A111B15B3A50031482A /* images */ = {
			isa = PBXGroup;
			children = (
				523F29A41D853DD8007DF4A5 /* avater1@3x.png */,
				52D0BE421B1F006F006D3C2A /* avater@2x.png */,
			);
			path = images;
			sourceTree = "<group>";
		};
/* End PBXGroup section */

/* Begin PBXNativeTarget section */
		526A99CF1B155E050031482A /* LocalDemo */ = {
			isa = PBXNativeTarget;
			buildConfigurationList = 526A99EF1B155E050031482A /* Build configuration list for PBXNativeTarget "LocalDemo" */;
			buildPhases = (
				526A99CC1B155E050031482A /* Sources */,
				526A99CD1B155E050031482A /* Frameworks */,
				526A99CE1B155E050031482A /* Resources */,
				52A46B6B1B217CC9002DE08B /* Run Script */,
			);
			buildRules = (
			);
			dependencies = (
			);
			name = LocalDemo;
			productName = LocalDemo;
			productReference = 526A99D01B155E050031482A /* LocalDemo.app */;
			productType = "com.apple.product-type.application";
		};
		526A99E41B155E050031482A /* LocalDemoTests */ = {
			isa = PBXNativeTarget;
			buildConfigurationList = 526A99F21B155E050031482A /* Build configuration list for PBXNativeTarget "LocalDemoTests" */;
			buildPhases = (
				526A99E11B155E050031482A /* Sources */,
				526A99E21B155E050031482A /* Frameworks */,
				526A99E31B155E050031482A /* Resources */,
			);
			buildRules = (
			);
			dependencies = (
				526A99E71B155E050031482A /* PBXTargetDependency */,
			);
			name = LocalDemoTests;
			productName = LocalDemoTests;
			productReference = 526A99E51B155E050031482A /* LocalDemoTests.xctest */;
			productType = "com.apple.product-type.bundle.unit-test";
		};
/* End PBXNativeTarget section */

/* Begin PBXProject section */
		526A99C81B155E050031482A /* Project object */ = {
			isa = PBXProject;
			attributes = {
				LastSwiftMigration = 0700;
				LastSwiftUpdateCheck = 0700;
				LastUpgradeCheck = 0830;
				ORGANIZATIONNAME = gongkai;
				TargetAttributes = {
					526A99CF1B155E050031482A = {
						CreatedOnToolsVersion = 6.3.2;
						LastSwiftMigration = 0830;
					};
					526A99E41B155E050031482A = {
						CreatedOnToolsVersion = 6.3.2;
						LastSwiftMigration = 0830;
						TestTargetID = 526A99CF1B155E050031482A;
					};
				};
			};
			buildConfigurationList = 526A99CB1B155E050031482A /* Build configuration list for PBXProject "LocalDemo" */;
			compatibilityVersion = "Xcode 3.2";
			developmentRegion = English;
			hasScannedForEncodings = 0;
			knownRegions = (
				en,
				Base,
				"zh-Hans",
			);
			mainGroup = 526A99C71B155E050031482A;
			productRefGroup = 526A99D11B155E050031482A /* Products */;
			projectDirPath = "";
			projectRoot = "";
			targets = (
				526A99CF1B155E050031482A /* LocalDemo */,
				526A99E41B155E050031482A /* LocalDemoTests */,
			);
		};
/* End PBXProject section */

/* Begin PBXResourcesBuildPhase section */
		526A99CE1B155E050031482A /* Resources */ = {
			isa = PBXResourcesBuildPhase;
			buildActionMask = 2147483647;
			files = (
				523F29A21D853DD8007DF4A5 /* avater1@3x.png in Resources */,
				526A99DB1B155E050031482A /* Main.storyboard in Resources */,
				526A9A031B15A7FC0031482A /* Localizable.strings in Resources */,
				526A99E01B155E050031482A /* LaunchScreen.xib in Resources */,
				523F299C1D851A6D007DF4A5 /* AutoGenStrings.py in Resources */,
				52D0BE401B1F006F006D3C2A /* avater@2x.png in Resources */,
				526A99DD1B155E050031482A /* Images.xcassets in Resources */,
			);
			runOnlyForDeploymentPostprocessing = 0;
		};
		526A99E31B155E050031482A /* Resources */ = {
			isa = PBXResourcesBuildPhase;
			buildActionMask = 2147483647;
			files = (
			);
			runOnlyForDeploymentPostprocessing = 0;
		};
/* End PBXResourcesBuildPhase section */

/* Begin PBXShellScriptBuildPhase section */
		52A46B6B1B217CC9002DE08B /* Run Script */ = {
			isa = PBXShellScriptBuildPhase;
			buildActionMask = 2147483647;
			files = (
			);
			inputPaths = (
			);
			name = "Run Script";
			outputPaths = (
			);
			runOnlyForDeploymentPostprocessing = 0;
			shellPath = /bin/sh;
			shellScript = "python ${SRCROOT}/${TARGET_NAME}/iOS-i18n/RunScript/AutoGenStrings.py ${SRCROOT}/${TARGET_NAME}";
		};
/* End PBXShellScriptBuildPhase section */

/* Begin PBXSourcesBuildPhase section */
		526A99CC1B155E050031482A /* Sources */ = {
			isa = PBXSourcesBuildPhase;
			buildActionMask = 2147483647;
			files = (
				523F299A1D851A6D007DF4A5 /* NSBundle+Lanauage.swift in Sources */,
				5281A99D1B1FECAC001EF49E /* MeViewController.swift in Sources */,
				5281A9A31B1FF370001EF49E /* SearchViewController.swift in Sources */,
				523F299D1D851A6D007DF4A5 /* UIImageView+Languager.swift in Sources */,
				5281A99F1B1FECB8001EF49E /* HomeViewController.swift in Sources */,
				526A99D61B155E050031482A /* AppDelegate.swift in Sources */,
				523F299E1D851A6D007DF4A5 /* UITextView+Languageer.swift in Sources */,
				523F29991D851A6D007DF4A5 /* Languager.swift in Sources */,
			);
			runOnlyForDeploymentPostprocessing = 0;
		};
		526A99E11B155E050031482A /* Sources */ = {
			isa = PBXSourcesBuildPhase;
			buildActionMask = 2147483647;
			files = (
				526A99EC1B155E050031482A /* LocalDemoTests.swift in Sources */,
			);
			runOnlyForDeploymentPostprocessing = 0;
		};
/* End PBXSourcesBuildPhase section */

/* Begin PBXTargetDependency section */
		526A99E71B155E050031482A /* PBXTargetDependency */ = {
			isa = PBXTargetDependency;
			target = 526A99CF1B155E050031482A /* LocalDemo */;
			targetProxy = 526A99E61B155E050031482A /* PBXContainerItemProxy */;
		};
/* End PBXTargetDependency section */

/* Begin PBXVariantGroup section */
		523F29A41D853DD8007DF4A5 /* avater1@3x.png */ = {
			isa = PBXVariantGroup;
			children = (
				523F29A31D853DD8007DF4A5 /* zh-Hans */,
				523F29A51D853DDC007DF4A5 /* en */,
			);
			name = "avater1@3x.png";
			sourceTree = "<group>";
		};
		526A99D91B155E050031482A /* Main.storyboard */ = {
			isa = PBXVariantGroup;
			children = (
				526A99DA1B155E050031482A /* Base */,
				5281A9A91B1FFEFA001EF49E /* en */,
				5281A9AB1B1FFF01001EF49E /* zh-Hans */,
			);
			name = Main.storyboard;
			sourceTree = "<group>";
		};
		526A99DE1B155E050031482A /* LaunchScreen.xib */ = {
			isa = PBXVariantGroup;
			children = (
				526A99DF1B155E050031482A /* Base */,
				5275023F1B213E88009242B0 /* en */,
				527502411B213E88009242B0 /* zh-Hans */,
			);
			name = LaunchScreen.xib;
			sourceTree = "<group>";
		};
		526A9A051B15A7FC0031482A /* Localizable.strings */ = {
			isa = PBXVariantGroup;
			children = (
				526A9A081B15A8600031482A /* en */,
				526A9A091B15A8630031482A /* zh-Hans */,
			);
			name = Localizable.strings;
			sourceTree = "<group>";
		};
		52D0BE421B1F006F006D3C2A /* avater@2x.png */ = {
			isa = PBXVariantGroup;
			children = (
				52D0BE411B1F006F006D3C2A /* zh-Hans */,
				52D0BE431B1F0073006D3C2A /* en */,
			);
			name = "avater@2x.png";
			sourceTree = "<group>";
		};
/* End PBXVariantGroup section */

/* Begin XCBuildConfiguration section */
		526A99ED1B155E050031482A /* Debug */ = {
			isa = XCBuildConfiguration;
			buildSettings = {
				ALWAYS_SEARCH_USER_PATHS = NO;
				CLANG_ANALYZER_LOCALIZABILITY_NONLOCALIZED = YES;
				CLANG_CXX_LANGUAGE_STANDARD = "gnu++0x";
				CLANG_CXX_LIBRARY = "libc++";
				CLANG_ENABLE_MODULES = YES;
				CLANG_ENABLE_OBJC_ARC = YES;
				CLANG_WARN_BOOL_CONVERSION = YES;
				CLANG_WARN_CONSTANT_CONVERSION = YES;
				CLANG_WARN_DIRECT_OBJC_ISA_USAGE = YES_ERROR;
				CLANG_WARN_EMPTY_BODY = YES;
				CLANG_WARN_ENUM_CONVERSION = YES;
				CLANG_WARN_INFINITE_RECURSION = YES;
				CLANG_WARN_INT_CONVERSION = YES;
				CLANG_WARN_OBJC_ROOT_CLASS = YES_ERROR;
				CLANG_WARN_SUSPICIOUS_MOVE = YES;
				CLANG_WARN_UNREACHABLE_CODE = YES;
				CLANG_WARN__DUPLICATE_METHOD_MATCH = YES;
				"CODE_SIGN_IDENTITY[sdk=iphoneos*]" = "iPhone Developer";
				COPY_PHASE_STRIP = NO;
				DEBUG_INFORMATION_FORMAT = "dwarf-with-dsym";
				ENABLE_STRICT_OBJC_MSGSEND = YES;
				ENABLE_TESTABILITY = YES;
				GCC_C_LANGUAGE_STANDARD = gnu99;
				GCC_DYNAMIC_NO_PIC = NO;
				GCC_NO_COMMON_BLOCKS = YES;
				GCC_OPTIMIZATION_LEVEL = 0;
				GCC_PREPROCESSOR_DEFINITIONS = (
					"DEBUG=1",
					"$(inherited)",
				);
				GCC_SYMBOLS_PRIVATE_EXTERN = NO;
				GCC_WARN_64_TO_32_BIT_CONVERSION = YES;
				GCC_WARN_ABOUT_RETURN_TYPE = YES_ERROR;
				GCC_WARN_UNDECLARED_SELECTOR = YES;
				GCC_WARN_UNINITIALIZED_AUTOS = YES_AGGRESSIVE;
				GCC_WARN_UNUSED_FUNCTION = YES;
				GCC_WARN_UNUSED_VARIABLE = YES;
				IPHONEOS_DEPLOYMENT_TARGET = 8.0;
				MTL_ENABLE_DEBUG_INFO = YES;
				ONLY_ACTIVE_ARCH = YES;
				SDKROOT = iphoneos;
				SWIFT_OPTIMIZATION_LEVEL = "-Onone";
				TARGETED_DEVICE_FAMILY = "1,2";
			};
			name = Debug;
		};
		526A99EE1B155E050031482A /* Release */ = {
			isa = XCBuildConfiguration;
			buildSettings = {
				ALWAYS_SEARCH_USER_PATHS = NO;
				CLANG_ANALYZER_LOCALIZABILITY_NONLOCALIZED = YES;
				CLANG_CXX_LANGUAGE_STANDARD = "gnu++0x";
				CLANG_CXX_LIBRARY = "libc++";
				CLANG_ENABLE_MODULES = YES;
				CLANG_ENABLE_OBJC_ARC = YES;
				CLANG_WARN_BOOL_CONVERSION = YES;
				CLANG_WARN_CONSTANT_CONVERSION = YES;
				CLANG_WARN_DIRECT_OBJC_ISA_USAGE = YES_ERROR;
				CLANG_WARN_EMPTY_BODY = YES;
				CLANG_WARN_ENUM_CONVERSION = YES;
				CLANG_WARN_INFINITE_RECURSION = YES;
				CLANG_WARN_INT_CONVERSION = YES;
				CLANG_WARN_OBJC_ROOT_CLASS = YES_ERROR;
				CLANG_WARN_SUSPICIOUS_MOVE = YES;
				CLANG_WARN_UNREACHABLE_CODE = YES;
				CLANG_WARN__DUPLICATE_METHOD_MATCH = YES;
				"CODE_SIGN_IDENTITY[sdk=iphoneos*]" = "iPhone Developer";
				COPY_PHASE_STRIP = NO;
				DEBUG_INFORMATION_FORMAT = "dwarf-with-dsym";
				ENABLE_NS_ASSERTIONS = NO;
				ENABLE_STRICT_OBJC_MSGSEND = YES;
				GCC_C_LANGUAGE_STANDARD = gnu99;
				GCC_NO_COMMON_BLOCKS = YES;
				GCC_WARN_64_TO_32_BIT_CONVERSION = YES;
				GCC_WARN_ABOUT_RETURN_TYPE = YES_ERROR;
				GCC_WARN_UNDECLARED_SELECTOR = YES;
				GCC_WARN_UNINITIALIZED_AUTOS = YES_AGGRESSIVE;
				GCC_WARN_UNUSED_FUNCTION = YES;
				GCC_WARN_UNUSED_VARIABLE = YES;
				IPHONEOS_DEPLOYMENT_TARGET = 8.0;
				MTL_ENABLE_DEBUG_INFO = NO;
				SDKROOT = iphoneos;
				SWIFT_OPTIMIZATION_LEVEL = "-Owholemodule";
				TARGETED_DEVICE_FAMILY = "1,2";
				VALIDATE_PRODUCT = YES;
			};
			name = Release;
		};
		526A99F01B155E050031482A /* Debug */ = {
			isa = XCBuildConfiguration;
			buildSettings = {
				ASSETCATALOG_COMPILER_APPICON_NAME = AppIcon;
				INFOPLIST_FILE = LocalDemo/Info.plist;
				LD_RUNPATH_SEARCH_PATHS = "$(inherited) @executable_path/Frameworks";
				PRODUCT_BUNDLE_IDENTIFIER = "me.mokai.$(PRODUCT_NAME:rfc1034identifier)";
				PRODUCT_NAME = "$(TARGET_NAME)";
				SWIFT_VERSION = 3.0;
			};
			name = Debug;
		};
		526A99F11B155E050031482A /* Release */ = {
			isa = XCBuildConfiguration;
			buildSettings = {
				ASSETCATALOG_COMPILER_APPICON_NAME = AppIcon;
				INFOPLIST_FILE = LocalDemo/Info.plist;
				LD_RUNPATH_SEARCH_PATHS = "$(inherited) @executable_path/Frameworks";
				PRODUCT_BUNDLE_IDENTIFIER = "me.mokai.$(PRODUCT_NAME:rfc1034identifier)";
				PRODUCT_NAME = "$(TARGET_NAME)";
				SWIFT_VERSION = 3.0;
			};
			name = Release;
		};
		526A99F31B155E050031482A /* Debug */ = {
			isa = XCBuildConfiguration;
			buildSettings = {
				BUNDLE_LOADER = "$(TEST_HOST)";
				FRAMEWORK_SEARCH_PATHS = (
					"$(SDKROOT)/Developer/Library/Frameworks",
					"$(inherited)",
				);
				GCC_PREPROCESSOR_DEFINITIONS = (
					"DEBUG=1",
					"$(inherited)",
				);
				INFOPLIST_FILE = LocalDemoTests/Info.plist;
				LD_RUNPATH_SEARCH_PATHS = "$(inherited) @executable_path/Frameworks @loader_path/Frameworks";
				PRODUCT_BUNDLE_IDENTIFIER = "me.mokai.$(PRODUCT_NAME:rfc1034identifier)";
				PRODUCT_NAME = "$(TARGET_NAME)";
				SWIFT_VERSION = 3.0;
				TEST_HOST = "$(BUILT_PRODUCTS_DIR)/LocalDemo.app/LocalDemo";
			};
			name = Debug;
		};
		526A99F41B155E050031482A /* Release */ = {
			isa = XCBuildConfiguration;
			buildSettings = {
				BUNDLE_LOADER = "$(TEST_HOST)";
				FRAMEWORK_SEARCH_PATHS = (
					"$(SDKROOT)/Developer/Library/Frameworks",
					"$(inherited)",
				);
				INFOPLIST_FILE = LocalDemoTests/Info.plist;
				LD_RUNPATH_SEARCH_PATHS = "$(inherited) @executable_path/Frameworks @loader_path/Frameworks";
				PRODUCT_BUNDLE_IDENTIFIER = "me.mokai.$(PRODUCT_NAME:rfc1034identifier)";
				PRODUCT_NAME = "$(TARGET_NAME)";
				SWIFT_VERSION = 3.0;
				TEST_HOST = "$(BUILT_PRODUCTS_DIR)/LocalDemo.app/LocalDemo";
			};
			name = Release;
		};
/* End XCBuildConfiguration section */

/* Begin XCConfigurationList section */
		526A99CB1B155E050031482A /* Build configuration list for PBXProject "LocalDemo" */ = {
			isa = XCConfigurationList;
			buildConfigurations = (
				526A99ED1B155E050031482A /* Debug */,
				526A99EE1B155E050031482A /* Release */,
			);
			defaultConfigurationIsVisible = 0;
			defaultConfigurationName = Release;
		};
		526A99EF1B155E050031482A /* Build configuration list for PBXNativeTarget "LocalDemo" */ = {
			isa = XCConfigurationList;
			buildConfigurations = (
				526A99F01B155E050031482A /* Debug */,
				526A99F11B155E050031482A /* Release */,
			);
			defaultConfigurationIsVisible = 0;
			defaultConfigurationName = Release;
		};
		526A99F21B155E050031482A /* Build configuration list for PBXNativeTarget "LocalDemoTests" */ = {
			isa = XCConfigurationList;
			buildConfigurations = (
				526A99F31B155E050031482A /* Debug */,
				526A99F41B155E050031482A /* Release */,
			);
			defaultConfigurationIsVisible = 0;
			defaultConfigurationName = Release;
		};
/* End XCConfigurationList section */
	};
	rootObject = 526A99C81B155E050031482A /* Project object */;
}
